
Microsoft Visual Studio Solution File, Format Version 12.00
# Visual Studio Version 17
VisualStudioVersion = 17.6.33723.286
MinimumVisualStudioVersion = 10.0.40219.1
Project("{9A19103F-16F7-4668-BE54-9A1E7A4F7556}") = "File.Encrypter.KeyGen", "File.Encrypter.KeyGen\File.Encrypter.KeyGen.csproj", "{91438884-BA56-469B-B4E1-1C3F6B862D1B}"
EndProject
Project("{9A19103F-16F7-4668-BE54-9A1E7A4F7556}") = "Cryptography.Lib", "Cryptography.Lib\Cryptography.Lib.csproj", "{DDAEE277-4C92-43ED-8177-64BEDA3911A4}"
EndProject
Project("{FAE04EC0-301F-11D3-BF4B-00C04F79EFBC}") = "File.Encrypter.EncryptTool", "File.Encrypter.EncryptTool\File.Encrypter.EncryptTool.csproj", "{C701DE75-6C5C-4B44-A1D9-96D48E6E407E}"
EndProject
Global
	GlobalSection(SolutionConfigurationPlatforms) = preSolution
		Debug|Any CPU = Debug|Any CPU
		Release|Any CPU = Release|Any CPU
	EndGlobalSection
	GlobalSection(ProjectConfigurationPlatforms) = postSolution
		{91438884-BA56-469B-B4E1-1C3F6B862D1B}.Debug|Any CPU.ActiveCfg = Debug|Any CPU
		{91438884-BA56-469B-B4E1-1C3F6B862D1B}.Debug|Any CPU.Build.0 = Debug|Any CPU
		{91438884-BA56-469B-B4E1-1C3F6B862D1B}.Release|Any CPU.ActiveCfg = Release|Any CPU
		{91438884-BA56-469B-B4E1-1C3F6B862D1B}.Release|Any CPU.Build.0 = Release|Any CPU
		{DDAEE277-4C92-43ED-8177-64BEDA3911A4}.Debug|Any CPU.ActiveCfg = Debug|Any CPU
		{DDAEE277-4C92-43ED-8177-64BEDA3911A4}.Debug|Any CPU.Build.0 = Debug|Any CPU
		{DDAEE277-4C92-43ED-8177-64BEDA3911A4}.Release|Any CPU.ActiveCfg = Release|Any CPU
		{DDAEE277-4C92-43ED-8177-64BEDA3911A4}.Release|Any CPU.Build.0 = Release|Any CPU
		{C701DE75-6C5C-4B44-A1D9-96D48E6E407E}.Debug|Any CPU.ActiveCfg = Debug|Any CPU
		{C701DE75-6C5C-4B44-A1D9-96D48E6E407E}.Debug|Any CPU.Build.0 = Debug|Any CPU
		{C701DE75-6C5C-4B44-A1D9-96D48E6E407E}.Release|Any CPU.ActiveCfg = Release|Any CPU
		{C701DE75-6C5C-4B44-A1D9-96D48E6E407E}.Release|Any CPU.Build.0 = Release|Any CPU
	EndGlobalSection
	GlobalSection(SolutionProperties) = preSolution
		HideSolutionNode = FALSE
	EndGlobalSection
	GlobalSection(ExtensibilityGlobals) = postSolution
		SolutionGuid = {B54B1A12-614C-4C88-BDC7-8C0453B1A616}
	EndGlobalSection
EndGlobal
